// !$*UTF8*$!
{
	archiveVersion = 1;
	classes = {
	};
	objectVersion = 51;
	objects = {

/* Begin PBXBuildFile section */
		097668B323AA437600157AB4 /* WeatherType.swift in Sources */ = {isa = PBXBuildFile; fileRef = 097668B223AA437600157AB4 /* WeatherType.swift */; };
		097AC7D723A3A29B00971B08 /* ForecastWeatherModel.swift in Sources */ = {isa = PBXBuildFile; fileRef = 097AC7D623A3A29B00971B08 /* ForecastWeatherModel.swift */; };
		097AC7D923A3A36100971B08 /* SystemInformationForecastModel.swift in Sources */ = {isa = PBXBuildFile; fileRef = 097AC7D823A3A36100971B08 /* SystemInformationForecastModel.swift */; };
		097AC7DB23A3A44500971B08 /* ForecastDataModel.swift in Sources */ = {isa = PBXBuildFile; fileRef = 097AC7DA23A3A44500971B08 /* ForecastDataModel.swift */; };
		0984492E23A37DF9002B2A0F /* CurrentWeatherModel.swift in Sources */ = {isa = PBXBuildFile; fileRef = 0984492D23A37DF9002B2A0F /* CurrentWeatherModel.swift */; };
		0984493223A3800C002B2A0F /* CoordinatesModel.swift in Sources */ = {isa = PBXBuildFile; fileRef = 0984493123A3800C002B2A0F /* CoordinatesModel.swift */; };
		0984493423A3817B002B2A0F /* WeatherOptionModel.swift in Sources */ = {isa = PBXBuildFile; fileRef = 0984493323A3817B002B2A0F /* WeatherOptionModel.swift */; };
		0984493623A38A15002B2A0F /* MainWeatherModel.swift in Sources */ = {isa = PBXBuildFile; fileRef = 0984493523A38A15002B2A0F /* MainWeatherModel.swift */; };
		0984493823A38F39002B2A0F /* WindModel.swift in Sources */ = {isa = PBXBuildFile; fileRef = 0984493723A38F39002B2A0F /* WindModel.swift */; };
		0984493A23A39110002B2A0F /* CloudModel.swift in Sources */ = {isa = PBXBuildFile; fileRef = 0984493923A39110002B2A0F /* CloudModel.swift */; };
		0984493C23A3991D002B2A0F /* SystemInformationCurrentModel.swift in Sources */ = {isa = PBXBuildFile; fileRef = 0984493B23A3991D002B2A0F /* SystemInformationCurrentModel.swift */; };
		098DAB2623A7A733002FD2FF /* WeatherOptionCell.swift in Sources */ = {isa = PBXBuildFile; fileRef = 098DAB2423A7A733002FD2FF /* WeatherOptionCell.swift */; };
		098DAB2723A7A733002FD2FF /* WeatherOptionCell.xib in Resources */ = {isa = PBXBuildFile; fileRef = 098DAB2523A7A733002FD2FF /* WeatherOptionCell.xib */; };
		098DAB2A23A7AD4F002FD2FF /* ForecastWeatherCell.swift in Sources */ = {isa = PBXBuildFile; fileRef = 098DAB2823A7AD4F002FD2FF /* ForecastWeatherCell.swift */; };
		098DAB2B23A7AD4F002FD2FF /* ForecastWeatherCell.xib in Resources */ = {isa = PBXBuildFile; fileRef = 098DAB2923A7AD4F002FD2FF /* ForecastWeatherCell.xib */; };
		098DAB2D23A7B829002FD2FF /* UIImageView.swift in Sources */ = {isa = PBXBuildFile; fileRef = 098DAB2C23A7B829002FD2FF /* UIImageView.swift */; };
		098FEE8723A7819E004156E9 /* MainController.swift in Sources */ = {isa = PBXBuildFile; fileRef = 098FEE8623A7819E004156E9 /* MainController.swift */; };
		098FEE8B23A79FBF004156E9 /* Date.swift in Sources */ = {isa = PBXBuildFile; fileRef = 098FEE8A23A79FBF004156E9 /* Date.swift */; };
		098FEE8D23A7A08F004156E9 /* Double.swift in Sources */ = {isa = PBXBuildFile; fileRef = 098FEE8C23A7A08F004156E9 /* Double.swift */; };
		098FEE8F23A7A14F004156E9 /* UICollectionView.swift in Sources */ = {isa = PBXBuildFile; fileRef = 098FEE8E23A7A14F004156E9 /* UICollectionView.swift */; };
		09A73D912399775200C2D875 /* AppDelegate.swift in Sources */ = {isa = PBXBuildFile; fileRef = 09A73D902399775200C2D875 /* AppDelegate.swift */; };
		09A73D932399775200C2D875 /* SceneDelegate.swift in Sources */ = {isa = PBXBuildFile; fileRef = 09A73D922399775200C2D875 /* SceneDelegate.swift */; };
		09A73D982399775200C2D875 /* Main.storyboard in Resources */ = {isa = PBXBuildFile; fileRef = 09A73D962399775200C2D875 /* Main.storyboard */; };
		09A73D9A2399775300C2D875 /* Assets.xcassets in Resources */ = {isa = PBXBuildFile; fileRef = 09A73D992399775300C2D875 /* Assets.xcassets */; };
		09A73D9D2399775300C2D875 /* LaunchScreen.storyboard in Resources */ = {isa = PBXBuildFile; fileRef = 09A73D9B2399775300C2D875 /* LaunchScreen.storyboard */; };
		09A90DA023A7F8820094CC89 /* WeatherOptionTableRow.swift in Sources */ = {isa = PBXBuildFile; fileRef = 09A90D9F23A7F8820094CC89 /* WeatherOptionTableRow.swift */; };
		09A90DA423A7F9450094CC89 /* WeatherOptionTableView.swift in Sources */ = {isa = PBXBuildFile; fileRef = 09A90DA323A7F9450094CC89 /* WeatherOptionTableView.swift */; };
		09A99FAD23A81CDC00CCFFD7 /* Int.swift in Sources */ = {isa = PBXBuildFile; fileRef = 09A99FAC23A81CDC00CCFFD7 /* Int.swift */; };
		09A99FB023A81FDD00CCFFD7 /* ForecastWeatherController.swift in Sources */ = {isa = PBXBuildFile; fileRef = 09A99FAE23A81FDD00CCFFD7 /* ForecastWeatherController.swift */; };
		09A99FB123A81FDD00CCFFD7 /* ForecastWeatherController.xib in Resources */ = {isa = PBXBuildFile; fileRef = 09A99FAF23A81FDD00CCFFD7 /* ForecastWeatherController.xib */; };
		09B3A4E323A7737000A9713D /* APIService.swift in Sources */ = {isa = PBXBuildFile; fileRef = 09B3A4E223A7737000A9713D /* APIService.swift */; };
		09E21A0223A7781900AA7A12 /* Default-568h@2x.png in Resources */ = {isa = PBXBuildFile; fileRef = 09E21A0123A7781900AA7A12 /* Default-568h@2x.png */; };
		CEBF628770556D696A250393 /* Pods_TheWeatherApp.framework in Frameworks */ = {isa = PBXBuildFile; fileRef = 905A5AD8825C95FB1ED668A7 /* Pods_TheWeatherApp.framework */; };
/* End PBXBuildFile section */

/* Begin PBXFileReference section */
		097668B223AA437600157AB4 /* WeatherType.swift */ = {isa = PBXFileReference; lastKnownFileType = sourcecode.swift; path = WeatherType.swift; sourceTree = "<group>"; };
		097AC7D623A3A29B00971B08 /* ForecastWeatherModel.swift */ = {isa = PBXFileReference; lastKnownFileType = sourcecode.swift; path = ForecastWeatherModel.swift; sourceTree = "<group>"; };
		097AC7D823A3A36100971B08 /* SystemInformationForecastModel.swift */ = {isa = PBXFileReference; lastKnownFileType = sourcecode.swift; path = SystemInformationForecastModel.swift; sourceTree = "<group>"; };
		097AC7DA23A3A44500971B08 /* ForecastDataModel.swift */ = {isa = PBXFileReference; lastKnownFileType = sourcecode.swift; path = ForecastDataModel.swift; sourceTree = "<group>"; };
		0984492D23A37DF9002B2A0F /* CurrentWeatherModel.swift */ = {isa = PBXFileReference; lastKnownFileType = sourcecode.swift; path = CurrentWeatherModel.swift; sourceTree = "<group>"; };
		0984493123A3800C002B2A0F /* CoordinatesModel.swift */ = {isa = PBXFileReference; lastKnownFileType = sourcecode.swift; path = CoordinatesModel.swift; sourceTree = "<group>"; };
		0984493323A3817B002B2A0F /* WeatherOptionModel.swift */ = {isa = PBXFileReference; lastKnownFileType = sourcecode.swift; path = WeatherOptionModel.swift; sourceTree = "<group>"; };
		0984493523A38A15002B2A0F /* MainWeatherModel.swift */ = {isa = PBXFileReference; lastKnownFileType = sourcecode.swift; path = MainWeatherModel.swift; sourceTree = "<group>"; };
		0984493723A38F39002B2A0F /* WindModel.swift */ = {isa = PBXFileReference; lastKnownFileType = sourcecode.swift; path = WindModel.swift; sourceTree = "<group>"; };
		0984493923A39110002B2A0F /* CloudModel.swift */ = {isa = PBXFileReference; lastKnownFileType = sourcecode.swift; path = CloudModel.swift; sourceTree = "<group>"; };
		0984493B23A3991D002B2A0F /* SystemInformationCurrentModel.swift */ = {isa = PBXFileReference; lastKnownFileType = sourcecode.swift; path = SystemInformationCurrentModel.swift; sourceTree = "<group>"; };
		098DAB2423A7A733002FD2FF /* WeatherOptionCell.swift */ = {isa = PBXFileReference; lastKnownFileType = sourcecode.swift; path = WeatherOptionCell.swift; sourceTree = "<group>"; };
		098DAB2523A7A733002FD2FF /* WeatherOptionCell.xib */ = {isa = PBXFileReference; lastKnownFileType = file.xib; path = WeatherOptionCell.xib; sourceTree = "<group>"; };
		098DAB2823A7AD4F002FD2FF /* ForecastWeatherCell.swift */ = {isa = PBXFileReference; lastKnownFileType = sourcecode.swift; path = ForecastWeatherCell.swift; sourceTree = "<group>"; };
		098DAB2923A7AD4F002FD2FF /* ForecastWeatherCell.xib */ = {isa = PBXFileReference; lastKnownFileType = file.xib; path = ForecastWeatherCell.xib; sourceTree = "<group>"; };
		098DAB2C23A7B829002FD2FF /* UIImageView.swift */ = {isa = PBXFileReference; lastKnownFileType = sourcecode.swift; path = UIImageView.swift; sourceTree = "<group>"; };
		098FEE8623A7819E004156E9 /* MainController.swift */ = {isa = PBXFileReference; lastKnownFileType = sourcecode.swift; path = MainController.swift; sourceTree = "<group>"; };
		098FEE8A23A79FBF004156E9 /* Date.swift */ = {isa = PBXFileReference; lastKnownFileType = sourcecode.swift; path = Date.swift; sourceTree = "<group>"; };
		098FEE8C23A7A08F004156E9 /* Double.swift */ = {isa = PBXFileReference; lastKnownFileType = sourcecode.swift; path = Double.swift; sourceTree = "<group>"; };
		098FEE8E23A7A14F004156E9 /* UICollectionView.swift */ = {isa = PBXFileReference; lastKnownFileType = sourcecode.swift; path = UICollectionView.swift; sourceTree = "<group>"; };
		09A73D8D2399775200C2D875 /* TheWeatherApp.app */ = {isa = PBXFileReference; explicitFileType = wrapper.application; includeInIndex = 0; path = TheWeatherApp.app; sourceTree = BUILT_PRODUCTS_DIR; };
		09A73D902399775200C2D875 /* AppDelegate.swift */ = {isa = PBXFileReference; lastKnownFileType = sourcecode.swift; path = AppDelegate.swift; sourceTree = "<group>"; };
		09A73D922399775200C2D875 /* SceneDelegate.swift */ = {isa = PBXFileReference; lastKnownFileType = sourcecode.swift; path = SceneDelegate.swift; sourceTree = "<group>"; };
		09A73D972399775200C2D875 /* Base */ = {isa = PBXFileReference; lastKnownFileType = file.storyboard; name = Base; path = Base.lproj/Main.storyboard; sourceTree = "<group>"; };
		09A73D992399775300C2D875 /* Assets.xcassets */ = {isa = PBXFileReference; lastKnownFileType = folder.assetcatalog; path = Assets.xcassets; sourceTree = "<group>"; };
		09A73D9C2399775300C2D875 /* Base */ = {isa = PBXFileReference; lastKnownFileType = file.storyboard; name = Base; path = Base.lproj/LaunchScreen.storyboard; sourceTree = "<group>"; };
		09A73D9E2399775300C2D875 /* Info.plist */ = {isa = PBXFileReference; lastKnownFileType = text.plist.xml; path = Info.plist; sourceTree = "<group>"; };
		09A90D9F23A7F8820094CC89 /* WeatherOptionTableRow.swift */ = {isa = PBXFileReference; lastKnownFileType = sourcecode.swift; path = WeatherOptionTableRow.swift; sourceTree = "<group>"; };
		09A90DA323A7F9450094CC89 /* WeatherOptionTableView.swift */ = {isa = PBXFileReference; lastKnownFileType = sourcecode.swift; path = WeatherOptionTableView.swift; sourceTree = "<group>"; };
		09A99FAC23A81CDC00CCFFD7 /* Int.swift */ = {isa = PBXFileReference; lastKnownFileType = sourcecode.swift; path = Int.swift; sourceTree = "<group>"; };
		09A99FAE23A81FDD00CCFFD7 /* ForecastWeatherController.swift */ = {isa = PBXFileReference; lastKnownFileType = sourcecode.swift; path = ForecastWeatherController.swift; sourceTree = "<group>"; };
		09A99FAF23A81FDD00CCFFD7 /* ForecastWeatherController.xib */ = {isa = PBXFileReference; lastKnownFileType = file.xib; path = ForecastWeatherController.xib; sourceTree = "<group>"; };
		09B3A4E223A7737000A9713D /* APIService.swift */ = {isa = PBXFileReference; lastKnownFileType = sourcecode.swift; path = APIService.swift; sourceTree = "<group>"; };
		09E21A0123A7781900AA7A12 /* Default-568h@2x.png */ = {isa = PBXFileReference; lastKnownFileType = image.png; path = "Default-568h@2x.png"; sourceTree = "<group>"; };
		0C06C530966971851EEDFD14 /* Pods-TheWeatherApp.release.xcconfig */ = {isa = PBXFileReference; includeInIndex = 1; lastKnownFileType = text.xcconfig; name = "Pods-TheWeatherApp.release.xcconfig"; path = "Target Support Files/Pods-TheWeatherApp/Pods-TheWeatherApp.release.xcconfig"; sourceTree = "<group>"; };
		855D7BD70AE29097DF137734 /* Pods-TheWeatherApp.debug.xcconfig */ = {isa = PBXFileReference; includeInIndex = 1; lastKnownFileType = text.xcconfig; name = "Pods-TheWeatherApp.debug.xcconfig"; path = "Target Support Files/Pods-TheWeatherApp/Pods-TheWeatherApp.debug.xcconfig"; sourceTree = "<group>"; };
		905A5AD8825C95FB1ED668A7 /* Pods_TheWeatherApp.framework */ = {isa = PBXFileReference; explicitFileType = wrapper.framework; includeInIndex = 0; path = Pods_TheWeatherApp.framework; sourceTree = BUILT_PRODUCTS_DIR; };
/* End PBXFileReference section */

/* Begin PBXFrameworksBuildPhase section */
		09A73D8A2399775200C2D875 /* Frameworks */ = {
			isa = PBXFrameworksBuildPhase;
			buildActionMask = 2147483647;
			files = (
				CEBF628770556D696A250393 /* Pods_TheWeatherApp.framework in Frameworks */,
			);
			runOnlyForDeploymentPostprocessing = 0;
		};
/* End PBXFrameworksBuildPhase section */

/* Begin PBXGroup section */
		0984492623A37074002B2A0F /* Sources */ = {
			isa = PBXGroup;
			children = (
				0984493023A37F19002B2A0F /* DataBase */,
				0984492F23A37F10002B2A0F /* API */,
				0984492A23A370DB002B2A0F /* Models */,
				0984492923A370CF002B2A0F /* Extensions */,
				0984492823A370C4002B2A0F /* View */,
			);
			path = Sources;
			sourceTree = "<group>";
		};
		0984492723A370A9002B2A0F /* Resources */ = {
			isa = PBXGroup;
			children = (
				09A73D922399775200C2D875 /* SceneDelegate.swift */,
				09A73D902399775200C2D875 /* AppDelegate.swift */,
				09A73D992399775300C2D875 /* Assets.xcassets */,
			);
			path = Resources;
			sourceTree = "<group>";
		};
		0984492823A370C4002B2A0F /* View */ = {
			isa = PBXGroup;
			children = (
				09A99FAE23A81FDD00CCFFD7 /* ForecastWeatherController.swift */,
				09A99FAF23A81FDD00CCFFD7 /* ForecastWeatherController.xib */,
				09A73D9B2399775300C2D875 /* LaunchScreen.storyboard */,
				09A73D962399775200C2D875 /* Main.storyboard */,
				098FEE8623A7819E004156E9 /* MainController.swift */,
				098FEE8923A79147004156E9 /* Cells */,
				09A90D9E23A7F8560094CC89 /* Tables */,
			);
			path = View;
			sourceTree = "<group>";
		};
		0984492923A370CF002B2A0F /* Extensions */ = {
			isa = PBXGroup;
			children = (
				098FEE8A23A79FBF004156E9 /* Date.swift */,
				098FEE8C23A7A08F004156E9 /* Double.swift */,
				09A99FAC23A81CDC00CCFFD7 /* Int.swift */,
				098FEE8E23A7A14F004156E9 /* UICollectionView.swift */,
				098DAB2C23A7B829002FD2FF /* UIImageView.swift */,
			);
			path = Extensions;
			sourceTree = "<group>";
		};
		0984492A23A370DB002B2A0F /* Models */ = {
			isa = PBXGroup;
			children = (
				0984493923A39110002B2A0F /* CloudModel.swift */,
				0984493123A3800C002B2A0F /* CoordinatesModel.swift */,
				0984493523A38A15002B2A0F /* MainWeatherModel.swift */,
				0984493323A3817B002B2A0F /* WeatherOptionModel.swift */,
				097668B223AA437600157AB4 /* WeatherType.swift */,
				0984493723A38F39002B2A0F /* WindModel.swift */,
				0984492B23A37B8F002B2A0F /* CurrentWeather */,
				0984492C23A37C31002B2A0F /* ForecastWeather */,
			);
			path = Models;
			sourceTree = "<group>";
		};
		0984492B23A37B8F002B2A0F /* CurrentWeather */ = {
			isa = PBXGroup;
			children = (
				0984492D23A37DF9002B2A0F /* CurrentWeatherModel.swift */,
				0984493B23A3991D002B2A0F /* SystemInformationCurrentModel.swift */,
			);
			path = CurrentWeather;
			sourceTree = "<group>";
		};
		0984492C23A37C31002B2A0F /* ForecastWeather */ = {
			isa = PBXGroup;
			children = (
				097AC7D623A3A29B00971B08 /* ForecastWeatherModel.swift */,
				097AC7D823A3A36100971B08 /* SystemInformationForecastModel.swift */,
				097AC7DA23A3A44500971B08 /* ForecastDataModel.swift */,
			);
			path = ForecastWeather;
			sourceTree = "<group>";
		};
		0984492F23A37F10002B2A0F /* API */ = {
			isa = PBXGroup;
			children = (
				09B3A4E223A7737000A9713D /* APIService.swift */,
			);
			path = API;
			sourceTree = "<group>";
		};
		0984493023A37F19002B2A0F /* DataBase */ = {
			isa = PBXGroup;
			children = (
			);
			path = DataBase;
			sourceTree = "<group>";
		};
		098FEE8923A79147004156E9 /* Cells */ = {
			isa = PBXGroup;
			children = (
				098DAB2823A7AD4F002FD2FF /* ForecastWeatherCell.swift */,
				098DAB2923A7AD4F002FD2FF /* ForecastWeatherCell.xib */,
				098DAB2423A7A733002FD2FF /* WeatherOptionCell.swift */,
				098DAB2523A7A733002FD2FF /* WeatherOptionCell.xib */,
			);
			path = Cells;
			sourceTree = "<group>";
		};
		09A73D842399775200C2D875 = {
			isa = PBXGroup;
			children = (
				09E21A0123A7781900AA7A12 /* Default-568h@2x.png */,
				09A73D8F2399775200C2D875 /* TheWeatherApp */,
				09A73D8E2399775200C2D875 /* Products */,
				D015AE091007B37E3680528D /* Pods */,
				9362B71ECAA0A06B9DE2C05B /* Frameworks */,
			);
			sourceTree = "<group>";
		};
		09A73D8E2399775200C2D875 /* Products */ = {
			isa = PBXGroup;
			children = (
				09A73D8D2399775200C2D875 /* TheWeatherApp.app */,
			);
			name = Products;
			sourceTree = "<group>";
		};
		09A73D8F2399775200C2D875 /* TheWeatherApp */ = {
			isa = PBXGroup;
			children = (
				09A73D9E2399775300C2D875 /* Info.plist */,
				0984492723A370A9002B2A0F /* Resources */,
				0984492623A37074002B2A0F /* Sources */,
			);
			path = TheWeatherApp;
			sourceTree = "<group>";
		};
		09A90D9E23A7F8560094CC89 /* Tables */ = {
			isa = PBXGroup;
			children = (
				09A90D9F23A7F8820094CC89 /* WeatherOptionTableRow.swift */,
				09A90DA323A7F9450094CC89 /* WeatherOptionTableView.swift */,
			);
			path = Tables;
			sourceTree = "<group>";
		};
		9362B71ECAA0A06B9DE2C05B /* Frameworks */ = {
			isa = PBXGroup;
			children = (
				905A5AD8825C95FB1ED668A7 /* Pods_TheWeatherApp.framework */,
			);
			name = Frameworks;
			sourceTree = "<group>";
		};
		D015AE091007B37E3680528D /* Pods */ = {
			isa = PBXGroup;
			children = (
				855D7BD70AE29097DF137734 /* Pods-TheWeatherApp.debug.xcconfig */,
				0C06C530966971851EEDFD14 /* Pods-TheWeatherApp.release.xcconfig */,
			);
			path = Pods;
			sourceTree = "<group>";
		};
/* End PBXGroup section */

/* Begin PBXNativeTarget section */
		09A73D8C2399775200C2D875 /* TheWeatherApp */ = {
			isa = PBXNativeTarget;
			buildConfigurationList = 09A73DA12399775300C2D875 /* Build configuration list for PBXNativeTarget "TheWeatherApp" */;
			buildPhases = (
				6FC5C18F143F4174A4448E04 /* [CP] Check Pods Manifest.lock */,
				09A73D892399775200C2D875 /* Sources */,
				09A73D8A2399775200C2D875 /* Frameworks */,
				09A73D8B2399775200C2D875 /* Resources */,
				3D063B60E1140742C854AFC2 /* [CP] Embed Pods Frameworks */,
			);
			buildRules = (
			);
			dependencies = (
			);
			name = TheWeatherApp;
			productName = TheWeatherApp;
			productReference = 09A73D8D2399775200C2D875 /* TheWeatherApp.app */;
			productType = "com.apple.product-type.application";
		};
/* End PBXNativeTarget section */

/* Begin PBXProject section */
		09A73D852399775200C2D875 /* Project object */ = {
			isa = PBXProject;
			attributes = {
				LastSwiftUpdateCheck = 1120;
				LastUpgradeCheck = 1120;
				ORGANIZATIONNAME = ilya;
				TargetAttributes = {
					09A73D8C2399775200C2D875 = {
						CreatedOnToolsVersion = 11.2.1;
					};
				};
			};
			buildConfigurationList = 09A73D882399775200C2D875 /* Build configuration list for PBXProject "TheWeatherApp" */;
			compatibilityVersion = "Xcode 9.3";
			developmentRegion = en;
			hasScannedForEncodings = 0;
			knownRegions = (
				en,
				Base,
			);
			mainGroup = 09A73D842399775200C2D875;
			productRefGroup = 09A73D8E2399775200C2D875 /* Products */;
			projectDirPath = "";
			projectRoot = "";
			targets = (
				09A73D8C2399775200C2D875 /* TheWeatherApp */,
			);
		};
/* End PBXProject section */

/* Begin PBXResourcesBuildPhase section */
		09A73D8B2399775200C2D875 /* Resources */ = {
			isa = PBXResourcesBuildPhase;
			buildActionMask = 2147483647;
			files = (
				09A99FB123A81FDD00CCFFD7 /* ForecastWeatherController.xib in Resources */,
				09A73D9D2399775300C2D875 /* LaunchScreen.storyboard in Resources */,
				09E21A0223A7781900AA7A12 /* Default-568h@2x.png in Resources */,
				09A73D9A2399775300C2D875 /* Assets.xcassets in Resources */,
				098DAB2723A7A733002FD2FF /* WeatherOptionCell.xib in Resources */,
				09A73D982399775200C2D875 /* Main.storyboard in Resources */,
				098DAB2B23A7AD4F002FD2FF /* ForecastWeatherCell.xib in Resources */,
			);
			runOnlyForDeploymentPostprocessing = 0;
		};
/* End PBXResourcesBuildPhase section */

/* Begin PBXShellScriptBuildPhase section */
		3D063B60E1140742C854AFC2 /* [CP] Embed Pods Frameworks */ = {
			isa = PBXShellScriptBuildPhase;
			buildActionMask = 2147483647;
			files = (
			);
			inputFileListPaths = (
				"${PODS_ROOT}/Target Support Files/Pods-TheWeatherApp/Pods-TheWeatherApp-frameworks-${CONFIGURATION}-input-files.xcfilelist",
			);
			name = "[CP] Embed Pods Frameworks";
			outputFileListPaths = (
				"${PODS_ROOT}/Target Support Files/Pods-TheWeatherApp/Pods-TheWeatherApp-frameworks-${CONFIGURATION}-output-files.xcfilelist",
			);
			runOnlyForDeploymentPostprocessing = 0;
			shellPath = /bin/sh;
			shellScript = "\"${PODS_ROOT}/Target Support Files/Pods-TheWeatherApp/Pods-TheWeatherApp-frameworks.sh\"\n";
			showEnvVarsInLog = 0;
		};
		6FC5C18F143F4174A4448E04 /* [CP] Check Pods Manifest.lock */ = {
			isa = PBXShellScriptBuildPhase;
			buildActionMask = 2147483647;
			files = (
			);
			inputFileListPaths = (
			);
			inputPaths = (
				"${PODS_PODFILE_DIR_PATH}/Podfile.lock",
				"${PODS_ROOT}/Manifest.lock",
			);
			name = "[CP] Check Pods Manifest.lock";
			outputFileListPaths = (
			);
			outputPaths = (
				"$(DERIVED_FILE_DIR)/Pods-TheWeatherApp-checkManifestLockResult.txt",
			);
			runOnlyForDeploymentPostprocessing = 0;
			shellPath = /bin/sh;
			shellScript = "diff \"${PODS_PODFILE_DIR_PATH}/Podfile.lock\" \"${PODS_ROOT}/Manifest.lock\" > /dev/null\nif [ $? != 0 ] ; then\n    # print error to STDERR\n    echo \"error: The sandbox is not in sync with the Podfile.lock. Run 'pod install' or update your CocoaPods installation.\" >&2\n    exit 1\nfi\n# This output is used by Xcode 'outputs' to avoid re-running this script phase.\necho \"SUCCESS\" > \"${SCRIPT_OUTPUT_FILE_0}\"\n";
			showEnvVarsInLog = 0;
		};
/* End PBXShellScriptBuildPhase section */

/* Begin PBXSourcesBuildPhase section */
		09A73D892399775200C2D875 /* Sources */ = {
			isa = PBXSourcesBuildPhase;
			buildActionMask = 2147483647;
			files = (
				098FEE8F23A7A14F004156E9 /* UICollectionView.swift in Sources */,
				098FEE8D23A7A08F004156E9 /* Double.swift in Sources */,
				0984493823A38F39002B2A0F /* WindModel.swift in Sources */,
				0984493423A3817B002B2A0F /* WeatherOptionModel.swift in Sources */,
				097AC7D923A3A36100971B08 /* SystemInformationForecastModel.swift in Sources */,
				098FEE8B23A79FBF004156E9 /* Date.swift in Sources */,
				0984493C23A3991D002B2A0F /* SystemInformationCurrentModel.swift in Sources */,
				09A90DA023A7F8820094CC89 /* WeatherOptionTableRow.swift in Sources */,
				098FEE8723A7819E004156E9 /* MainController.swift in Sources */,
				09A73D912399775200C2D875 /* AppDelegate.swift in Sources */,
				097668B323AA437600157AB4 /* WeatherType.swift in Sources */,
				0984493A23A39110002B2A0F /* CloudModel.swift in Sources */,
				097AC7D723A3A29B00971B08 /* ForecastWeatherModel.swift in Sources */,
				0984493223A3800C002B2A0F /* CoordinatesModel.swift in Sources */,
				098DAB2623A7A733002FD2FF /* WeatherOptionCell.swift in Sources */,
				097AC7DB23A3A44500971B08 /* ForecastDataModel.swift in Sources */,
				09A99FAD23A81CDC00CCFFD7 /* Int.swift in Sources */,
				09B3A4E323A7737000A9713D /* APIService.swift in Sources */,
				098DAB2A23A7AD4F002FD2FF /* ForecastWeatherCell.swift in Sources */,
				098DAB2D23A7B829002FD2FF /* UIImageView.swift in Sources */,
				09A73D932399775200C2D875 /* SceneDelegate.swift in Sources */,
				09A90DA423A7F9450094CC89 /* WeatherOptionTableView.swift in Sources */,
				09A99FB023A81FDD00CCFFD7 /* ForecastWeatherController.swift in Sources */,
				0984492E23A37DF9002B2A0F /* CurrentWeatherModel.swift in Sources */,
				0984493623A38A15002B2A0F /* MainWeatherModel.swift in Sources */,
			);
			runOnlyForDeploymentPostprocessing = 0;
		};
/* End PBXSourcesBuildPhase section */

/* Begin PBXVariantGroup section */
		09A73D962399775200C2D875 /* Main.storyboard */ = {
			isa = PBXVariantGroup;
			children = (
				09A73D972399775200C2D875 /* Base */,
			);
			name = Main.storyboard;
			sourceTree = "<group>";
		};
		09A73D9B2399775300C2D875 /* LaunchScreen.storyboard */ = {
			isa = PBXVariantGroup;
			children = (
				09A73D9C2399775300C2D875 /* Base */,
			);
			name = LaunchScreen.storyboard;
			sourceTree = "<group>";
		};
/* End PBXVariantGroup section */

/* Begin XCBuildConfiguration section */
		09A73D9F2399775300C2D875 /* Debug */ = {
			isa = XCBuildConfiguration;
			buildSettings = {
				ALWAYS_SEARCH_USER_PATHS = NO;
				CLANG_ANALYZER_NONNULL = YES;
				CLANG_ANALYZER_NUMBER_OBJECT_CONVERSION = YES_AGGRESSIVE;
				CLANG_CXX_LANGUAGE_STANDARD = "gnu++14";
				CLANG_CXX_LIBRARY = "libc++";
				CLANG_ENABLE_MODULES = YES;
				CLANG_ENABLE_OBJC_ARC = YES;
				CLANG_ENABLE_OBJC_WEAK = YES;
				CLANG_WARN_BLOCK_CAPTURE_AUTORELEASING = YES;
				CLANG_WARN_BOOL_CONVERSION = YES;
				CLANG_WARN_COMMA = YES;
				CLANG_WARN_CONSTANT_CONVERSION = YES;
				CLANG_WARN_DEPRECATED_OBJC_IMPLEMENTATIONS = YES;
				CLANG_WARN_DIRECT_OBJC_ISA_USAGE = YES_ERROR;
				CLANG_WARN_DOCUMENTATION_COMMENTS = YES;
				CLANG_WARN_EMPTY_BODY = YES;
				CLANG_WARN_ENUM_CONVERSION = YES;
				CLANG_WARN_INFINITE_RECURSION = YES;
				CLANG_WARN_INT_CONVERSION = YES;
				CLANG_WARN_NON_LITERAL_NULL_CONVERSION = YES;
				CLANG_WARN_OBJC_IMPLICIT_RETAIN_SELF = YES;
				CLANG_WARN_OBJC_LITERAL_CONVERSION = YES;
				CLANG_WARN_OBJC_ROOT_CLASS = YES_ERROR;
				CLANG_WARN_RANGE_LOOP_ANALYSIS = YES;
				CLANG_WARN_STRICT_PROTOTYPES = YES;
				CLANG_WARN_SUSPICIOUS_MOVE = YES;
				CLANG_WARN_UNGUARDED_AVAILABILITY = YES_AGGRESSIVE;
				CLANG_WARN_UNREACHABLE_CODE = YES;
				CLANG_WARN__DUPLICATE_METHOD_MATCH = YES;
				COPY_PHASE_STRIP = NO;
				DEBUG_INFORMATION_FORMAT = dwarf;
				ENABLE_STRICT_OBJC_MSGSEND = YES;
				ENABLE_TESTABILITY = YES;
				GCC_C_LANGUAGE_STANDARD = gnu11;
				GCC_DYNAMIC_NO_PIC = NO;
				GCC_NO_COMMON_BLOCKS = YES;
				GCC_OPTIMIZATION_LEVEL = 0;
				GCC_PREPROCESSOR_DEFINITIONS = (
					"DEBUG=1",
					"$(inherited)",
				);
				GCC_WARN_64_TO_32_BIT_CONVERSION = YES;
				GCC_WARN_ABOUT_RETURN_TYPE = YES_ERROR;
				GCC_WARN_UNDECLARED_SELECTOR = YES;
				GCC_WARN_UNINITIALIZED_AUTOS = YES_AGGRESSIVE;
				GCC_WARN_UNUSED_FUNCTION = YES;
				GCC_WARN_UNUSED_VARIABLE = YES;
				IPHONEOS_DEPLOYMENT_TARGET = 13.2;
				MTL_ENABLE_DEBUG_INFO = INCLUDE_SOURCE;
				MTL_FAST_MATH = YES;
				ONLY_ACTIVE_ARCH = YES;
				SDKROOT = iphoneos;
				SWIFT_ACTIVE_COMPILATION_CONDITIONS = DEBUG;
				SWIFT_OPTIMIZATION_LEVEL = "-Onone";
			};
			name = Debug;
		};
		09A73DA02399775300C2D875 /* Release */ = {
			isa = XCBuildConfiguration;
			buildSettings = {
				ALWAYS_SEARCH_USER_PATHS = NO;
				CLANG_ANALYZER_NONNULL = YES;
				CLANG_ANALYZER_NUMBER_OBJECT_CONVERSION = YES_AGGRESSIVE;
				CLANG_CXX_LANGUAGE_STANDARD = "gnu++14";
				CLANG_CXX_LIBRARY = "libc++";
				CLANG_ENABLE_MODULES = YES;
				CLANG_ENABLE_OBJC_ARC = YES;
				CLANG_ENABLE_OBJC_WEAK = YES;
				CLANG_WARN_BLOCK_CAPTURE_AUTORELEASING = YES;
				CLANG_WARN_BOOL_CONVERSION = YES;
				CLANG_WARN_COMMA = YES;
				CLANG_WARN_CONSTANT_CONVERSION = YES;
				CLANG_WARN_DEPRECATED_OBJC_IMPLEMENTATIONS = YES;
				CLANG_WARN_DIRECT_OBJC_ISA_USAGE = YES_ERROR;
				CLANG_WARN_DOCUMENTATION_COMMENTS = YES;
				CLANG_WARN_EMPTY_BODY = YES;
				CLANG_WARN_ENUM_CONVERSION = YES;
				CLANG_WARN_INFINITE_RECURSION = YES;
				CLANG_WARN_INT_CONVERSION = YES;
				CLANG_WARN_NON_LITERAL_NULL_CONVERSION = YES;
				CLANG_WARN_OBJC_IMPLICIT_RETAIN_SELF = YES;
				CLANG_WARN_OBJC_LITERAL_CONVERSION = YES;
				CLANG_WARN_OBJC_ROOT_CLASS = YES_ERROR;
				CLANG_WARN_RANGE_LOOP_ANALYSIS = YES;
				CLANG_WARN_STRICT_PROTOTYPES = YES;
				CLANG_WARN_SUSPICIOUS_MOVE = YES;
				CLANG_WARN_UNGUARDED_AVAILABILITY = YES_AGGRESSIVE;
				CLANG_WARN_UNREACHABLE_CODE = YES;
				CLANG_WARN__DUPLICATE_METHOD_MATCH = YES;
				COPY_PHASE_STRIP = NO;
				DEBUG_INFORMATION_FORMAT = "dwarf-with-dsym";
				ENABLE_NS_ASSERTIONS = NO;
				ENABLE_STRICT_OBJC_MSGSEND = YES;
				GCC_C_LANGUAGE_STANDARD = gnu11;
				GCC_NO_COMMON_BLOCKS = YES;
				GCC_WARN_64_TO_32_BIT_CONVERSION = YES;
				GCC_WARN_ABOUT_RETURN_TYPE = YES_ERROR;
				GCC_WARN_UNDECLARED_SELECTOR = YES;
				GCC_WARN_UNINITIALIZED_AUTOS = YES_AGGRESSIVE;
				GCC_WARN_UNUSED_FUNCTION = YES;
				GCC_WARN_UNUSED_VARIABLE = YES;
				IPHONEOS_DEPLOYMENT_TARGET = 13.2;
				MTL_ENABLE_DEBUG_INFO = NO;
				MTL_FAST_MATH = YES;
				SDKROOT = iphoneos;
				SWIFT_COMPILATION_MODE = wholemodule;
				SWIFT_OPTIMIZATION_LEVEL = "-O";
				VALIDATE_PRODUCT = YES;
			};
			name = Release;
		};
		09A73DA22399775300C2D875 /* Debug */ = {
			isa = XCBuildConfiguration;
			baseConfigurationReference = 855D7BD70AE29097DF137734 /* Pods-TheWeatherApp.debug.xcconfig */;
			buildSettings = {
				ASSETCATALOG_COMPILER_APPICON_NAME = AppIcon;
				CODE_SIGN_STYLE = Automatic;
				DEVELOPMENT_TEAM = D865Z8WQL3;
				INFOPLIST_FILE = TheWeatherApp/Info.plist;
				LD_RUNPATH_SEARCH_PATHS = (
					"$(inherited)",
					"@executable_path/Frameworks",
				);
				PRODUCT_BUNDLE_IDENTIFIER = IlyaSyrov.TheWeatherApp;
				PRODUCT_NAME = "$(TARGET_NAME)";
				SWIFT_VERSION = 5.0;
				TARGETED_DEVICE_FAMILY = "1,2";
			};
			name = Debug;
		};
		09A73DA32399775300C2D875 /* Release */ = {
			isa = XCBuildConfiguration;
			baseConfigurationReference = 0C06C530966971851EEDFD14 /* Pods-TheWeatherApp.release.xcconfig */;
			buildSettings = {
				ASSETCATALOG_COMPILER_APPICON_NAME = AppIcon;
				CODE_SIGN_STYLE = Automatic;
				DEVELOPMENT_TEAM = D865Z8WQL3;
				INFOPLIST_FILE = TheWeatherApp/Info.plist;
				LD_RUNPATH_SEARCH_PATHS = (
					"$(inherited)",
					"@executable_path/Frameworks",
				);
				PRODUCT_BUNDLE_IDENTIFIER = IlyaSyrov.TheWeatherApp;
				PRODUCT_NAME = "$(TARGET_NAME)";
				SWIFT_VERSION = 5.0;
				TARGETED_DEVICE_FAMILY = "1,2";
			};
			name = Release;
		};
/* End XCBuildConfiguration section */

/* Begin XCConfigurationList section */
		09A73D882399775200C2D875 /* Build configuration list for PBXProject "TheWeatherApp" */ = {
			isa = XCConfigurationList;
			buildConfigurations = (
				09A73D9F2399775300C2D875 /* Debug */,
				09A73DA02399775300C2D875 /* Release */,
			);
			defaultConfigurationIsVisible = 0;
			defaultConfigurationName = Release;
		};
		09A73DA12399775300C2D875 /* Build configuration list for PBXNativeTarget "TheWeatherApp" */ = {
			isa = XCConfigurationList;
			buildConfigurations = (
				09A73DA22399775300C2D875 /* Debug */,
				09A73DA32399775300C2D875 /* Release */,
			);
			defaultConfigurationIsVisible = 0;
			defaultConfigurationName = Release;
		};
/* End XCConfigurationList section */
	};
	rootObject = 09A73D852399775200C2D875 /* Project object */;
}
